{
    "compile": {
        "com.fasterxml.jackson.module:jackson-module-kotlin": {
            "locked": "2.7.5",
            "requested": "2.7.5"
        },
        "com.netflix.nebula:nebula-dependency-base-plugin": {
            "locked": "0.3.0",
            "requested": "latest.release"
        },
        "com.netflix.nebula:nebula-gradle-interop": {
            "locked": "0.5.0",
            "requested": "latest.release"
        },
        "org.jetbrains.kotlin:kotlin-reflect": {
            "locked": "1.1.4-3",
            "requested": "1.1.4-3"
        },
        "org.jetbrains.kotlin:kotlin-stdlib-jre7": {
            "locked": "1.1.4-3",
            "requested": "1.1.4-3"
        }
    },
    "compileClasspath": {
        "com.fasterxml.jackson.module:jackson-module-kotlin": {
            "locked": "2.7.5",
            "requested": "2.7.5"
        },
        "com.netflix.nebula:nebula-dependency-base-plugin": {
            "locked": "0.3.0",
            "requested": "latest.release"
        },
        "com.netflix.nebula:nebula-gradle-interop": {
            "locked": "0.5.0",
            "requested": "latest.release"
        },
        "org.jetbrains.kotlin:kotlin-reflect": {
            "locked": "1.1.4-3",
            "requested": "1.1.4-3"
        },
        "org.jetbrains.kotlin:kotlin-stdlib-jre7": {
            "locked": "1.1.4-3",
            "requested": "1.1.4-3"
        }
    },
    "default": {
        "com.fasterxml.jackson.module:jackson-module-kotlin": {
            "locked": "2.7.5",
            "requested": "2.7.5"
        },
        "com.netflix.nebula:nebula-dependency-base-plugin": {
            "locked": "0.3.0",
            "requested": "latest.release"
        },
        "com.netflix.nebula:nebula-gradle-interop": {
            "locked": "0.5.0",
            "requested": "latest.release"
        },
        "org.jetbrains.kotlin:kotlin-reflect": {
            "locked": "1.1.4-3",
            "requested": "1.1.4-3"
        },
        "org.jetbrains.kotlin:kotlin-stdlib-jre7": {
            "locked": "1.1.4-3",
            "requested": "1.1.4-3"
        }
    },
    "integTestCompile": {
        "com.fasterxml.jackson.module:jackson-module-kotlin": {
            "locked": "2.7.5",
            "requested": "2.7.5"
        },
        "com.netflix.nebula:nebula-dependency-base-plugin": {
            "locked": "0.3.0",
            "requested": "latest.release"
        },
        "com.netflix.nebula:nebula-gradle-interop": {
            "locked": "0.5.0",
            "requested": "latest.release"
        },
        "com.netflix.nebula:nebula-test": {
            "locked": "6.1.2",
            "requested": "6.+"
        },
        "org.jetbrains.kotlin:kotlin-reflect": {
            "locked": "1.1.4-3",
            "requested": "1.1.4-3"
        },
        "org.jetbrains.kotlin:kotlin-stdlib-jre7": {
            "locked": "1.1.4-3",
            "requested": "1.1.4-3"
        }
    },
    "integTestCompileClasspath": {
        "com.fasterxml.jackson.module:jackson-module-kotlin": {
            "locked": "2.7.5",
            "requested": "2.7.5"
        },
        "com.netflix.nebula:nebula-dependency-base-plugin": {
            "locked": "0.3.0",
            "requested": "latest.release"
        },
        "com.netflix.nebula:nebula-gradle-interop": {
            "locked": "0.5.0",
            "requested": "latest.release"
        },
        "com.netflix.nebula:nebula-test": {
            "locked": "6.1.2",
            "requested": "6.+"
        },
        "org.jetbrains.kotlin:kotlin-reflect": {
            "locked": "1.1.4-3",
            "requested": "1.1.4-3"
        },
        "org.jetbrains.kotlin:kotlin-stdlib-jre7": {
            "locked": "1.1.4-3",
            "requested": "1.1.4-3"
        }
    },
    "integTestRuntime": {
        "com.fasterxml.jackson.module:jackson-module-kotlin": {
            "locked": "2.7.5",
            "requested": "2.7.5"
        },
        "com.netflix.nebula:gradle-dependency-lock-plugin": {
            "locked": "5.0.0",
            "requested": "5.0.0"
        },
        "com.netflix.nebula:nebula-dependency-base-plugin": {
            "locked": "0.3.0",
            "requested": "latest.release"
        },
        "com.netflix.nebula:nebula-gradle-interop": {
            "locked": "0.5.0",
            "requested": "latest.release"
        },
        "com.netflix.nebula:nebula-test": {
            "locked": "6.1.2",
            "requested": "6.+"
        },
        "org.jetbrains.kotlin:kotlin-reflect": {
            "locked": "1.1.4-3",
            "requested": "1.1.4-3"
        },
        "org.jetbrains.kotlin:kotlin-stdlib-jre7": {
            "locked": "1.1.51",
            "requested": "1.1.4-3"
        }
    },
    "integTestRuntimeClasspath": {
        "com.fasterxml.jackson.module:jackson-module-kotlin": {
            "locked": "2.7.5",
            "requested": "2.7.5"
        },
        "com.netflix.nebula:gradle-dependency-lock-plugin": {
            "locked": "5.0.0",
            "requested": "5.0.0"
        },
        "com.netflix.nebula:nebula-dependency-base-plugin": {
            "locked": "0.3.0",
            "requested": "latest.release"
        },
        "com.netflix.nebula:nebula-gradle-interop": {
            "locked": "0.5.0",
            "requested": "latest.release"
        },
        "com.netflix.nebula:nebula-test": {
            "locked": "6.1.2",
            "requested": "6.+"
        },
        "org.jetbrains.kotlin:kotlin-reflect": {
            "locked": "1.1.4-3",
            "requested": "1.1.4-3"
        },
        "org.jetbrains.kotlin:kotlin-stdlib-jre7": {
            "locked": "1.1.51",
            "requested": "1.1.4-3"
        }
    },
    "jacocoAgent": {
        "org.jacoco:org.jacoco.agent": {
            "locked": "0.7.9",
            "requested": "0.7.9"
        }
    },
    "jacocoAnt": {
        "org.jacoco:org.jacoco.ant": {
            "locked": "0.7.9",
            "requested": "0.7.9"
        }
    },
    "kapt": {
        "org.jetbrains.kotlin:kotlin-annotation-processing": {
            "locked": "1.1.4-3",
            "requested": "1.1.4-3"
        }
    },
    "kaptIntegTest": {
        "org.jetbrains.kotlin:kotlin-annotation-processing": {
            "locked": "1.1.4-3",
            "requested": "1.1.4-3"
        }
    },
    "kaptTest": {
        "org.jetbrains.kotlin:kotlin-annotation-processing": {
            "locked": "1.1.4-3",
            "requested": "1.1.4-3"
        }
    },
    "runtime": {
        "com.fasterxml.jackson.module:jackson-module-kotlin": {
            "locked": "2.7.5",
            "requested": "2.7.5"
        },
        "com.netflix.nebula:nebula-dependency-base-plugin": {
            "locked": "0.3.0",
            "requested": "latest.release"
        },
        "com.netflix.nebula:nebula-gradle-interop": {
            "locked": "0.5.0",
            "requested": "latest.release"
        },
        "org.jetbrains.kotlin:kotlin-reflect": {
            "locked": "1.1.4-3",
            "requested": "1.1.4-3"
        },
        "org.jetbrains.kotlin:kotlin-stdlib-jre7": {
            "locked": "1.1.4-3",
            "requested": "1.1.4-3"
        }
    },
    "runtimeClasspath": {
        "com.fasterxml.jackson.module:jackson-module-kotlin": {
            "locked": "2.7.5",
            "requested": "2.7.5"
        },
        "com.netflix.nebula:nebula-dependency-base-plugin": {
            "locked": "0.3.0",
            "requested": "latest.release"
        },
        "com.netflix.nebula:nebula-gradle-interop": {
            "locked": "0.5.0",
            "requested": "latest.release"
        },
        "org.jetbrains.kotlin:kotlin-reflect": {
            "locked": "1.1.4-3",
            "requested": "1.1.4-3"
        },
        "org.jetbrains.kotlin:kotlin-stdlib-jre7": {
            "locked": "1.1.4-3",
            "requested": "1.1.4-3"
        }
    },
    "testCompile": {
        "com.fasterxml.jackson.module:jackson-module-kotlin": {
            "locked": "2.7.5",
            "requested": "2.7.5"
        },
        "com.netflix.nebula:nebula-dependency-base-plugin": {
            "locked": "0.3.0",
            "requested": "latest.release"
        },
        "com.netflix.nebula:nebula-gradle-interop": {
            "locked": "0.5.0",
            "requested": "latest.release"
        },
        "com.netflix.nebula:nebula-test": {
            "locked": "6.1.2",
            "requested": "6.+"
        },
        "org.jetbrains.kotlin:kotlin-reflect": {
            "locked": "1.1.4-3",
            "requested": "1.1.4-3"
        },
        "org.jetbrains.kotlin:kotlin-stdlib-jre7": {
            "locked": "1.1.4-3",
            "requested": "1.1.4-3"
        }
    },
    "testCompileClasspath": {
        "com.fasterxml.jackson.module:jackson-module-kotlin": {
            "locked": "2.7.5",
            "requested": "2.7.5"
        },
        "com.netflix.nebula:nebula-dependency-base-plugin": {
            "locked": "0.3.0",
            "requested": "latest.release"
        },
        "com.netflix.nebula:nebula-gradle-interop": {
            "locked": "0.5.0",
            "requested": "latest.release"
        },
        "com.netflix.nebula:nebula-test": {
            "locked": "6.1.2",
            "requested": "6.+"
        },
        "org.jetbrains.kotlin:kotlin-reflect": {
            "locked": "1.1.4-3",
            "requested": "1.1.4-3"
        },
        "org.jetbrains.kotlin:kotlin-stdlib-jre7": {
            "locked": "1.1.4-3",
            "requested": "1.1.4-3"
        }
    },
    "testRuntime": {
        "com.fasterxml.jackson.module:jackson-module-kotlin": {
            "locked": "2.7.5",
            "requested": "2.7.5"
        },
        "com.netflix.nebula:gradle-dependency-lock-plugin": {
            "locked": "5.0.0",
            "requested": "5.0.0"
        },
        "com.netflix.nebula:nebula-dependency-base-plugin": {
            "locked": "0.3.0",
            "requested": "latest.release"
        },
        "com.netflix.nebula:nebula-gradle-interop": {
            "locked": "0.5.0",
            "requested": "latest.release"
        },
        "com.netflix.nebula:nebula-test": {
            "locked": "6.1.2",
            "requested": "6.+"
        },
        "org.jetbrains.kotlin:kotlin-reflect": {
            "locked": "1.1.4-3",
            "requested": "1.1.4-3"
        },
        "org.jetbrains.kotlin:kotlin-stdlib-jre7": {
            "locked": "1.1.51",
            "requested": "1.1.4-3"
        }
    },
    "testRuntimeClasspath": {
        "com.fasterxml.jackson.module:jackson-module-kotlin": {
            "locked": "2.7.5",
            "requested": "2.7.5"
        },
        "com.netflix.nebula:gradle-dependency-lock-plugin": {
            "locked": "5.0.0",
            "requested": "5.0.0"
        },
        "com.netflix.nebula:nebula-dependency-base-plugin": {
            "locked": "0.3.0",
            "requested": "latest.release"
        },
        "com.netflix.nebula:nebula-gradle-interop": {
            "locked": "0.5.0",
            "requested": "latest.release"
        },
        "com.netflix.nebula:nebula-test": {
            "locked": "6.1.2",
            "requested": "6.+"
        },
        "org.jetbrains.kotlin:kotlin-reflect": {
            "locked": "1.1.4-3",
            "requested": "1.1.4-3"
        },
        "org.jetbrains.kotlin:kotlin-stdlib-jre7": {
            "locked": "1.1.51",
            "requested": "1.1.4-3"
        }
    }
}