{
    "compile": {
        "com.fasterxml.jackson.module:jackson-module-kotlin": {
            "locked": "2.7.4",
            "requested": "2.7.4"
        },
        "org.jetbrains.kotlin:kotlin-reflect": {
            "locked": "1.0.2",
            "requested": "1.0.2"
        },
        "org.jetbrains.kotlin:kotlin-stdlib": {
            "locked": "1.0.2",
            "requested": "1.0.2"
        }
    },
    "compileClasspath": {
        "com.fasterxml.jackson.module:jackson-module-kotlin": {
            "locked": "2.7.4",
            "requested": "2.7.4"
        },
        "org.jetbrains.kotlin:kotlin-reflect": {
            "locked": "1.0.2",
            "requested": "1.0.2"
        },
        "org.jetbrains.kotlin:kotlin-stdlib": {
            "locked": "1.0.2",
            "requested": "1.0.2"
        }
    },
    "compileOnly": {
        "com.fasterxml.jackson.module:jackson-module-kotlin": {
            "locked": "2.7.4",
            "requested": "2.7.4"
        },
        "org.jetbrains.kotlin:kotlin-reflect": {
            "locked": "1.0.2",
            "requested": "1.0.2"
        },
        "org.jetbrains.kotlin:kotlin-stdlib": {
            "locked": "1.0.2",
            "requested": "1.0.2"
        }
    },
    "default": {
        "com.fasterxml.jackson.module:jackson-module-kotlin": {
            "locked": "2.7.4",
            "requested": "2.7.4"
        },
        "org.jetbrains.kotlin:kotlin-reflect": {
            "locked": "1.0.2",
            "requested": "1.0.2"
        },
        "org.jetbrains.kotlin:kotlin-stdlib": {
            "locked": "1.0.2",
            "requested": "1.0.2"
        }
    },
    "functionalTestCompile": {
        "com.fasterxml.jackson.module:jackson-module-kotlin": {
            "locked": "2.7.4",
            "requested": "2.7.4"
        },
        "com.netflix.nebula:nebula-test": {
            "locked": "4.2.0",
            "requested": "4.2.0"
        },
        "org.jetbrains.kotlin:kotlin-reflect": {
            "locked": "1.0.2",
            "requested": "1.0.2"
        },
        "org.jetbrains.kotlin:kotlin-stdlib": {
            "locked": "1.0.2",
            "requested": "1.0.2"
        }
    },
    "functionalTestCompileClasspath": {
        "com.fasterxml.jackson.module:jackson-module-kotlin": {
            "locked": "2.7.4",
            "requested": "2.7.4"
        },
        "com.netflix.nebula:nebula-test": {
            "locked": "4.2.0",
            "requested": "4.2.0"
        },
        "org.jetbrains.kotlin:kotlin-reflect": {
            "locked": "1.0.2",
            "requested": "1.0.2"
        },
        "org.jetbrains.kotlin:kotlin-stdlib": {
            "locked": "1.0.2",
            "requested": "1.0.2"
        }
    },
    "functionalTestCompileOnly": {
        "com.fasterxml.jackson.module:jackson-module-kotlin": {
            "locked": "2.7.4",
            "requested": "2.7.4"
        },
        "com.netflix.nebula:nebula-test": {
            "locked": "4.2.0",
            "requested": "4.2.0"
        },
        "org.jetbrains.kotlin:kotlin-reflect": {
            "locked": "1.0.2",
            "requested": "1.0.2"
        },
        "org.jetbrains.kotlin:kotlin-stdlib": {
            "locked": "1.0.2",
            "requested": "1.0.2"
        }
    },
    "functionalTestRuntime": {
        "com.fasterxml.jackson.module:jackson-module-kotlin": {
            "locked": "2.7.4",
            "requested": "2.7.4"
        },
        "com.netflix.nebula:nebula-test": {
            "locked": "4.2.0",
            "requested": "4.2.0"
        },
        "org.jetbrains.kotlin:kotlin-reflect": {
            "locked": "1.0.2",
            "requested": "1.0.2"
        },
        "org.jetbrains.kotlin:kotlin-stdlib": {
            "locked": "1.0.2",
            "requested": "1.0.2"
        }
    },
    "jacocoAgent": {
        "org.jacoco:org.jacoco.agent": {
            "locked": "0.7.6.201602180812"
        }
    },
    "jacocoAnt": {
        "org.jacoco:org.jacoco.ant": {
            "locked": "0.7.6.201602180812"
        }
    },
    "kapt": {
        "org.jetbrains.kotlin:kotlin-annotation-processing": {
            "locked": "1.0.2",
            "requested": "1.0.2"
        }
    },
    "kaptFunctionalTest": {
        "org.jetbrains.kotlin:kotlin-annotation-processing": {
            "locked": "1.0.2",
            "requested": "1.0.2"
        }
    },
    "kaptTest": {
        "org.jetbrains.kotlin:kotlin-annotation-processing": {
            "locked": "1.0.2",
            "requested": "1.0.2"
        }
    },
    "runtime": {
        "com.fasterxml.jackson.module:jackson-module-kotlin": {
            "locked": "2.7.4",
            "requested": "2.7.4"
        },
        "org.jetbrains.kotlin:kotlin-reflect": {
            "locked": "1.0.2",
            "requested": "1.0.2"
        },
        "org.jetbrains.kotlin:kotlin-stdlib": {
            "locked": "1.0.2",
            "requested": "1.0.2"
        }
    },
    "testCompile": {
        "com.fasterxml.jackson.module:jackson-module-kotlin": {
            "locked": "2.7.4",
            "requested": "2.7.4"
        },
        "com.netflix.nebula:nebula-test": {
            "locked": "4.2.0",
            "requested": "4.2.0"
        },
        "org.jetbrains.kotlin:kotlin-reflect": {
            "locked": "1.0.2",
            "requested": "1.0.2"
        },
        "org.jetbrains.kotlin:kotlin-stdlib": {
            "locked": "1.0.2",
            "requested": "1.0.2"
        }
    },
    "testCompileClasspath": {
        "com.fasterxml.jackson.module:jackson-module-kotlin": {
            "locked": "2.7.4",
            "requested": "2.7.4"
        },
        "com.netflix.nebula:nebula-test": {
            "locked": "4.2.0",
            "requested": "4.2.0"
        },
        "org.jetbrains.kotlin:kotlin-reflect": {
            "locked": "1.0.2",
            "requested": "1.0.2"
        },
        "org.jetbrains.kotlin:kotlin-stdlib": {
            "locked": "1.0.2",
            "requested": "1.0.2"
        }
    },
    "testCompileOnly": {
        "com.fasterxml.jackson.module:jackson-module-kotlin": {
            "locked": "2.7.4",
            "requested": "2.7.4"
        },
        "com.netflix.nebula:nebula-test": {
            "locked": "4.2.0",
            "requested": "4.2.0"
        },
        "org.jetbrains.kotlin:kotlin-reflect": {
            "locked": "1.0.2",
            "requested": "1.0.2"
        },
        "org.jetbrains.kotlin:kotlin-stdlib": {
            "locked": "1.0.2",
            "requested": "1.0.2"
        }
    },
    "testRuntime": {
        "com.fasterxml.jackson.module:jackson-module-kotlin": {
            "locked": "2.7.4",
            "requested": "2.7.4"
        },
        "com.netflix.nebula:nebula-test": {
            "locked": "4.2.0",
            "requested": "4.2.0"
        },
        "org.jetbrains.kotlin:kotlin-reflect": {
            "locked": "1.0.2",
            "requested": "1.0.2"
        },
        "org.jetbrains.kotlin:kotlin-stdlib": {
            "locked": "1.0.2",
            "requested": "1.0.2"
        }
    }
}