{
    "compile": {
        "com.fasterxml.jackson.module:jackson-module-kotlin": {
            "locked": "2.9.2",
            "requested": "2.9.2"
        },
        "com.netflix.nebula:nebula-gradle-interop": {
            "locked": "0.5.0",
            "requested": "latest.release"
        },
        "org.jetbrains.kotlin:kotlin-reflect": {
            "locked": "1.2.21",
            "requested": "1.2.21"
        },
        "org.jetbrains.kotlin:kotlin-stdlib-jdk7": {
            "locked": "1.2.21",
            "requested": "1.2.21"
        }
    },
    "compileClasspath": {
        "com.fasterxml.jackson.module:jackson-module-kotlin": {
            "locked": "2.9.2",
            "requested": "2.9.2"
        },
        "com.netflix.nebula:nebula-gradle-interop": {
            "locked": "0.5.0",
            "requested": "latest.release"
        },
        "org.jetbrains.kotlin:kotlin-reflect": {
            "locked": "1.2.21",
            "requested": "1.2.21"
        },
        "org.jetbrains.kotlin:kotlin-stdlib-jdk7": {
            "locked": "1.2.21",
            "requested": "1.2.21"
        }
    },
    "default": {
        "com.fasterxml.jackson.module:jackson-module-kotlin": {
            "locked": "2.9.2",
            "requested": "2.9.2"
        },
        "com.netflix.nebula:nebula-gradle-interop": {
            "locked": "0.5.0",
            "requested": "latest.release"
        },
        "org.jetbrains.kotlin:kotlin-reflect": {
            "locked": "1.2.21",
            "requested": "1.2.21"
        },
        "org.jetbrains.kotlin:kotlin-stdlib-jdk7": {
            "locked": "1.2.21",
            "requested": "1.2.21"
        }
    },
    "integTestCompile": {
        "com.fasterxml.jackson.module:jackson-module-kotlin": {
            "locked": "2.9.2",
            "requested": "2.9.2"
        },
        "com.netflix.nebula:nebula-gradle-interop": {
            "locked": "0.5.0",
            "requested": "latest.release"
        },
        "com.netflix.nebula:nebula-test": {
            "locked": "6.4.5",
            "requested": "6.+"
        },
        "org.jetbrains.kotlin:kotlin-reflect": {
            "locked": "1.2.21",
            "requested": "1.2.21"
        },
        "org.jetbrains.kotlin:kotlin-stdlib-jdk7": {
            "locked": "1.2.21",
            "requested": "1.2.21"
        }
    },
    "integTestCompileClasspath": {
        "com.fasterxml.jackson.module:jackson-module-kotlin": {
            "locked": "2.9.2",
            "requested": "2.9.2"
        },
        "com.netflix.nebula:nebula-gradle-interop": {
            "locked": "0.5.0",
            "requested": "latest.release"
        },
        "com.netflix.nebula:nebula-test": {
            "locked": "6.4.5",
            "requested": "6.+"
        },
        "org.jetbrains.kotlin:kotlin-reflect": {
            "locked": "1.2.21",
            "requested": "1.2.21"
        },
        "org.jetbrains.kotlin:kotlin-stdlib-jdk7": {
            "locked": "1.2.21",
            "requested": "1.2.21"
        }
    },
    "integTestRuntime": {
        "com.fasterxml.jackson.module:jackson-module-kotlin": {
            "locked": "2.9.2",
            "requested": "2.9.2"
        },
        "com.netflix.nebula:gradle-dependency-lock-plugin": {
            "locked": "6.0.0",
            "requested": "6.0.0"
        },
        "com.netflix.nebula:nebula-gradle-interop": {
            "locked": "0.5.0",
            "requested": "latest.release"
        },
        "com.netflix.nebula:nebula-test": {
            "locked": "6.4.5",
            "requested": "6.+"
        },
        "org.jetbrains.kotlin:kotlin-reflect": {
            "locked": "1.2.21",
            "requested": "1.2.21"
        },
        "org.jetbrains.kotlin:kotlin-stdlib-jdk7": {
            "locked": "1.2.21",
            "requested": "1.2.21"
        }
    },
    "integTestRuntimeClasspath": {
        "com.fasterxml.jackson.module:jackson-module-kotlin": {
            "locked": "2.9.2",
            "requested": "2.9.2"
        },
        "com.netflix.nebula:gradle-dependency-lock-plugin": {
            "locked": "6.0.0",
            "requested": "6.0.0"
        },
        "com.netflix.nebula:nebula-gradle-interop": {
            "locked": "0.5.0",
            "requested": "latest.release"
        },
        "com.netflix.nebula:nebula-test": {
            "locked": "6.4.5",
            "requested": "6.+"
        },
        "org.jetbrains.kotlin:kotlin-reflect": {
            "locked": "1.2.21",
            "requested": "1.2.21"
        },
        "org.jetbrains.kotlin:kotlin-stdlib-jdk7": {
            "locked": "1.2.21",
            "requested": "1.2.21"
        }
    },
    "jacocoAgent": {
        "org.jacoco:org.jacoco.agent": {
            "locked": "0.8.1"
        }
    },
    "jacocoAnt": {
        "org.jacoco:org.jacoco.ant": {
            "locked": "0.8.1"
        }
    },
    "kapt": {
        "org.jetbrains.kotlin:kotlin-annotation-processing-gradle": {
            "locked": "1.2.21",
            "requested": "1.2.21"
        }
    },
    "kaptIntegTest": {
        "org.jetbrains.kotlin:kotlin-annotation-processing-gradle": {
            "locked": "1.2.21",
            "requested": "1.2.21"
        }
    },
    "kaptTest": {
        "org.jetbrains.kotlin:kotlin-annotation-processing-gradle": {
            "locked": "1.2.21",
            "requested": "1.2.21"
        }
    },
    "runtime": {
        "com.fasterxml.jackson.module:jackson-module-kotlin": {
            "locked": "2.9.2",
            "requested": "2.9.2"
        },
        "com.netflix.nebula:nebula-gradle-interop": {
            "locked": "0.5.0",
            "requested": "latest.release"
        },
        "org.jetbrains.kotlin:kotlin-reflect": {
            "locked": "1.2.21",
            "requested": "1.2.21"
        },
        "org.jetbrains.kotlin:kotlin-stdlib-jdk7": {
            "locked": "1.2.21",
            "requested": "1.2.21"
        }
    },
    "runtimeClasspath": {
        "com.fasterxml.jackson.module:jackson-module-kotlin": {
            "locked": "2.9.2",
            "requested": "2.9.2"
        },
        "com.netflix.nebula:nebula-gradle-interop": {
            "locked": "0.5.0",
            "requested": "latest.release"
        },
        "org.jetbrains.kotlin:kotlin-reflect": {
            "locked": "1.2.21",
            "requested": "1.2.21"
        },
        "org.jetbrains.kotlin:kotlin-stdlib-jdk7": {
            "locked": "1.2.21",
            "requested": "1.2.21"
        }
    },
    "testCompile": {
        "com.fasterxml.jackson.module:jackson-module-kotlin": {
            "locked": "2.9.2",
            "requested": "2.9.2"
        },
        "com.netflix.nebula:nebula-gradle-interop": {
            "locked": "0.5.0",
            "requested": "latest.release"
        },
        "com.netflix.nebula:nebula-test": {
            "locked": "6.4.5",
            "requested": "6.+"
        },
        "org.jetbrains.kotlin:kotlin-reflect": {
            "locked": "1.2.21",
            "requested": "1.2.21"
        },
        "org.jetbrains.kotlin:kotlin-stdlib-jdk7": {
            "locked": "1.2.21",
            "requested": "1.2.21"
        }
    },
    "testCompileClasspath": {
        "com.fasterxml.jackson.module:jackson-module-kotlin": {
            "locked": "2.9.2",
            "requested": "2.9.2"
        },
        "com.netflix.nebula:nebula-gradle-interop": {
            "locked": "0.5.0",
            "requested": "latest.release"
        },
        "com.netflix.nebula:nebula-test": {
            "locked": "6.4.5",
            "requested": "6.+"
        },
        "org.jetbrains.kotlin:kotlin-reflect": {
            "locked": "1.2.21",
            "requested": "1.2.21"
        },
        "org.jetbrains.kotlin:kotlin-stdlib-jdk7": {
            "locked": "1.2.21",
            "requested": "1.2.21"
        }
    },
    "testRuntime": {
        "com.fasterxml.jackson.module:jackson-module-kotlin": {
            "locked": "2.9.2",
            "requested": "2.9.2"
        },
        "com.netflix.nebula:gradle-dependency-lock-plugin": {
            "locked": "6.0.0",
            "requested": "6.0.0"
        },
        "com.netflix.nebula:nebula-gradle-interop": {
            "locked": "0.5.0",
            "requested": "latest.release"
        },
        "com.netflix.nebula:nebula-test": {
            "locked": "6.4.5",
            "requested": "6.+"
        },
        "org.jetbrains.kotlin:kotlin-reflect": {
            "locked": "1.2.21",
            "requested": "1.2.21"
        },
        "org.jetbrains.kotlin:kotlin-stdlib-jdk7": {
            "locked": "1.2.21",
            "requested": "1.2.21"
        }
    },
    "testRuntimeClasspath": {
        "com.fasterxml.jackson.module:jackson-module-kotlin": {
            "locked": "2.9.2",
            "requested": "2.9.2"
        },
        "com.netflix.nebula:gradle-dependency-lock-plugin": {
            "locked": "6.0.0",
            "requested": "6.0.0"
        },
        "com.netflix.nebula:nebula-gradle-interop": {
            "locked": "0.5.0",
            "requested": "latest.release"
        },
        "com.netflix.nebula:nebula-test": {
            "locked": "6.4.5",
            "requested": "6.+"
        },
        "org.jetbrains.kotlin:kotlin-reflect": {
            "locked": "1.2.21",
            "requested": "1.2.21"
        },
        "org.jetbrains.kotlin:kotlin-stdlib-jdk7": {
            "locked": "1.2.21",
            "requested": "1.2.21"
        }
    }
}