# This is a Gradle generated file for dependency locking.
# Manual edits can break the build and are not advised.
# This file is expected to be part of source control.
com.fasterxml.jackson.core:jackson-annotations:2.9.0
com.fasterxml.jackson.core:jackson-core:2.9.9
com.fasterxml.jackson.core:jackson-databind:2.9.9.3
com.fasterxml.jackson.module:jackson-module-kotlin:2.9.9
com.fasterxml.jackson:jackson-bom:2.9.9.20190807
com.netflix.nebula:nebula-dependency-recommender:9.0.1
com.netflix.nebula:nebula-gradle-interop:1.0.11
org.jetbrains.kotlin:kotlin-reflect:1.4.10
org.jetbrains.kotlin:kotlin-stdlib-common:1.4.10
org.jetbrains.kotlin:kotlin-stdlib-jdk7:1.4.10
org.jetbrains.kotlin:kotlin-stdlib-jdk8:1.4.10
org.jetbrains.kotlin:kotlin-stdlib:1.4.10
org.jetbrains:annotations:13.0
